
Microsoft Visual Studio Solution File, Format Version 12.00
# Visual Studio Version 17
VisualStudioVersion = 17.0.31903.59
MinimumVisualStudioVersion = 10.0.40219.1
Project("{2150E333-8FDC-42A3-9474-1A3956D46DE8}") = "src", "src", "{4517D7F6-B37A-439C-8947-63C7FA7E379D}"
EndProject
Project("{FAE04EC0-301F-11D3-BF4B-00C04F79EFBC}") = "RateLimiting.Api", "src\RateLimiting.Api\RateLimiting.Api.csproj", "{959C20A7-90DF-4A09-BCA7-00D69FF9ED0A}"
EndProject
Project("{FAE04EC0-301F-11D3-BF4B-00C04F79EFBC}") = "RateLimiting.LoadTest", "src\RateLimiting.LoadTest\RateLimiting.LoadTest.csproj", "{D5D15BCD-C39A-48DA-A95E-18E0A6B6811A}"
EndProject
Global
	GlobalSection(SolutionConfigurationPlatforms) = preSolution
		Debug|Any CPU = Debug|Any CPU
		Release|Any CPU = Release|Any CPU
	EndGlobalSection
	GlobalSection(SolutionProperties) = preSolution
		HideSolutionNode = FALSE
	EndGlobalSection
	GlobalSection(ProjectConfigurationPlatforms) = postSolution
		{959C20A7-90DF-4A09-BCA7-00D69FF9ED0A}.Debug|Any CPU.ActiveCfg = Debug|Any CPU
		{959C20A7-90DF-4A09-BCA7-00D69FF9ED0A}.Debug|Any CPU.Build.0 = Debug|Any CPU
		{959C20A7-90DF-4A09-BCA7-00D69FF9ED0A}.Release|Any CPU.ActiveCfg = Release|Any CPU
		{959C20A7-90DF-4A09-BCA7-00D69FF9ED0A}.Release|Any CPU.Build.0 = Release|Any CPU
		{D5D15BCD-C39A-48DA-A95E-18E0A6B6811A}.Debug|Any CPU.ActiveCfg = Debug|Any CPU
		{D5D15BCD-C39A-48DA-A95E-18E0A6B6811A}.Debug|Any CPU.Build.0 = Debug|Any CPU
		{D5D15BCD-C39A-48DA-A95E-18E0A6B6811A}.Release|Any CPU.ActiveCfg = Release|Any CPU
		{D5D15BCD-C39A-48DA-A95E-18E0A6B6811A}.Release|Any CPU.Build.0 = Release|Any CPU
	EndGlobalSection
	GlobalSection(NestedProjects) = preSolution
		{959C20A7-90DF-4A09-BCA7-00D69FF9ED0A} = {4517D7F6-B37A-439C-8947-63C7FA7E379D}
		{D5D15BCD-C39A-48DA-A95E-18E0A6B6811A} = {4517D7F6-B37A-439C-8947-63C7FA7E379D}
	EndGlobalSection
EndGlobal
